
Microsoft Visual Studio Solution File, Format Version 12.00
Project("{2150E333-8FDC-42A3-9474-1A3956D46DE8}") = "src", "src", "{46EFD418-4048-429D-8826-D47B27B75FD1}"
EndProject
Project("{FAE04EC0-301F-11D3-BF4B-00C04F79EFBC}") = "API", "src\API\API.csproj", "{F340B6F5-883E-43A1-8BAD-EA58B70F3E67}"
EndProject
Project("{FAE04EC0-301F-11D3-BF4B-00C04F79EFBC}") = "Domain", "src\Domain\Domain.csproj", "{AAD00D37-F777-40C1-B0A5-5768E54A9FFE}"
EndProject
Project("{FAE04EC0-301F-11D3-BF4B-00C04F79EFBC}") = "Infrastructure", "src\Infrastructure\Infrastructure.csproj", "{06B03390-60B2-48B1-AE06-C22CDA2D31E4}"
EndProject
Project("{FAE04EC0-301F-11D3-BF4B-00C04F79EFBC}") = "Application", "src\Application\Application.csproj", "{80F428A7-6391-4F0F-8961-E1BEDFF439E1}"
EndProject
Project("{2150E333-8FDC-42A3-9474-1A3956D46DE8}") = "Docker", "Docker", "{E0E5237F-A8A1-4354-96AA-1C63A453AB1D}"
	ProjectSection(SolutionItems) = preProject
		src\docker-compose.yaml = src\docker-compose.yaml
	EndProjectSection
EndProject
Global
	GlobalSection(SolutionConfigurationPlatforms) = preSolution
		Debug|Any CPU = Debug|Any CPU
		Release|Any CPU = Release|Any CPU
	EndGlobalSection
	GlobalSection(ProjectConfigurationPlatforms) = postSolution
		{F340B6F5-883E-43A1-8BAD-EA58B70F3E67}.Debug|Any CPU.ActiveCfg = Debug|Any CPU
		{F340B6F5-883E-43A1-8BAD-EA58B70F3E67}.Debug|Any CPU.Build.0 = Debug|Any CPU
		{F340B6F5-883E-43A1-8BAD-EA58B70F3E67}.Release|Any CPU.ActiveCfg = Release|Any CPU
		{F340B6F5-883E-43A1-8BAD-EA58B70F3E67}.Release|Any CPU.Build.0 = Release|Any CPU
		{AAD00D37-F777-40C1-B0A5-5768E54A9FFE}.Debug|Any CPU.ActiveCfg = Debug|Any CPU
		{AAD00D37-F777-40C1-B0A5-5768E54A9FFE}.Debug|Any CPU.Build.0 = Debug|Any CPU
		{AAD00D37-F777-40C1-B0A5-5768E54A9FFE}.Release|Any CPU.ActiveCfg = Release|Any CPU
		{AAD00D37-F777-40C1-B0A5-5768E54A9FFE}.Release|Any CPU.Build.0 = Release|Any CPU
		{06B03390-60B2-48B1-AE06-C22CDA2D31E4}.Debug|Any CPU.ActiveCfg = Debug|Any CPU
		{06B03390-60B2-48B1-AE06-C22CDA2D31E4}.Debug|Any CPU.Build.0 = Debug|Any CPU
		{06B03390-60B2-48B1-AE06-C22CDA2D31E4}.Release|Any CPU.ActiveCfg = Release|Any CPU
		{06B03390-60B2-48B1-AE06-C22CDA2D31E4}.Release|Any CPU.Build.0 = Release|Any CPU
		{80F428A7-6391-4F0F-8961-E1BEDFF439E1}.Debug|Any CPU.ActiveCfg = Debug|Any CPU
		{80F428A7-6391-4F0F-8961-E1BEDFF439E1}.Debug|Any CPU.Build.0 = Debug|Any CPU
		{80F428A7-6391-4F0F-8961-E1BEDFF439E1}.Release|Any CPU.ActiveCfg = Release|Any CPU
		{80F428A7-6391-4F0F-8961-E1BEDFF439E1}.Release|Any CPU.Build.0 = Release|Any CPU
	EndGlobalSection
	GlobalSection(NestedProjects) = preSolution
		{F340B6F5-883E-43A1-8BAD-EA58B70F3E67} = {46EFD418-4048-429D-8826-D47B27B75FD1}
		{AAD00D37-F777-40C1-B0A5-5768E54A9FFE} = {46EFD418-4048-429D-8826-D47B27B75FD1}
		{06B03390-60B2-48B1-AE06-C22CDA2D31E4} = {46EFD418-4048-429D-8826-D47B27B75FD1}
		{80F428A7-6391-4F0F-8961-E1BEDFF439E1} = {46EFD418-4048-429D-8826-D47B27B75FD1}
	EndGlobalSection
EndGlobal
